
Microsoft Visual Studio Solution File, Format Version 12.00
# Visual Studio Version 17
VisualStudioVersion = 17.14.36327.8
MinimumVisualStudioVersion = 10.0.40219.1
Project("{FAE04EC0-301F-11D3-BF4B-00C04F79EFBC}") = "GetJob.Data", "Getjob.Data\GetJob.Data.csproj", "{D86FF798-C0FF-4DD3-BF40-B6939A876860}"
EndProject
Project("{FAE04EC0-301F-11D3-BF4B-00C04F79EFBC}") = "GetJob.Entities", "GetJob.Entities\GetJob.Entities.csproj", "{6EB77EC7-121D-48F1-9827-4B7E11CD1992}"
EndProject
Project("{FAE04EC0-301F-11D3-BF4B-00C04F79EFBC}") = "GetJob.Services", "GetJob.Services\GetJob.Services.csproj", "{98D25006-3F08-40D3-8628-65969A61D49C}"
EndProject
Project("{FAE04EC0-301F-11D3-BF4B-00C04F79EFBC}") = "GetJob.ServiceContracts", "GetJob.ServiceContracts\GetJob.ServiceContracts.csproj", "{BDB3AC00-AADA-4069-A3F5-E3BF04D7E05B}"
EndProject
Project("{FAE04EC0-301F-11D3-BF4B-00C04F79EFBC}") = "GetJob", "GetJob\GetJob.csproj", "{4BD9E680-009D-44AD-9E22-209F8E388FE2}"
EndProject
Global
	GlobalSection(SolutionConfigurationPlatforms) = preSolution
		Debug|Any CPU = Debug|Any CPU
		Release|Any CPU = Release|Any CPU
	EndGlobalSection
	GlobalSection(ProjectConfigurationPlatforms) = postSolution
		{D86FF798-C0FF-4DD3-BF40-B6939A876860}.Debug|Any CPU.ActiveCfg = Debug|Any CPU
		{D86FF798-C0FF-4DD3-BF40-B6939A876860}.Debug|Any CPU.Build.0 = Debug|Any CPU
		{D86FF798-C0FF-4DD3-BF40-B6939A876860}.Release|Any CPU.ActiveCfg = Release|Any CPU
		{D86FF798-C0FF-4DD3-BF40-B6939A876860}.Release|Any CPU.Build.0 = Release|Any CPU
		{6EB77EC7-121D-48F1-9827-4B7E11CD1992}.Debug|Any CPU.ActiveCfg = Debug|Any CPU
		{6EB77EC7-121D-48F1-9827-4B7E11CD1992}.Debug|Any CPU.Build.0 = Debug|Any CPU
		{6EB77EC7-121D-48F1-9827-4B7E11CD1992}.Release|Any CPU.ActiveCfg = Release|Any CPU
		{6EB77EC7-121D-48F1-9827-4B7E11CD1992}.Release|Any CPU.Build.0 = Release|Any CPU
		{98D25006-3F08-40D3-8628-65969A61D49C}.Debug|Any CPU.ActiveCfg = Debug|Any CPU
		{98D25006-3F08-40D3-8628-65969A61D49C}.Debug|Any CPU.Build.0 = Debug|Any CPU
		{98D25006-3F08-40D3-8628-65969A61D49C}.Release|Any CPU.ActiveCfg = Release|Any CPU
		{98D25006-3F08-40D3-8628-65969A61D49C}.Release|Any CPU.Build.0 = Release|Any CPU
		{BDB3AC00-AADA-4069-A3F5-E3BF04D7E05B}.Debug|Any CPU.ActiveCfg = Debug|Any CPU
		{BDB3AC00-AADA-4069-A3F5-E3BF04D7E05B}.Debug|Any CPU.Build.0 = Debug|Any CPU
		{BDB3AC00-AADA-4069-A3F5-E3BF04D7E05B}.Release|Any CPU.ActiveCfg = Release|Any CPU
		{BDB3AC00-AADA-4069-A3F5-E3BF04D7E05B}.Release|Any CPU.Build.0 = Release|Any CPU
		{4BD9E680-009D-44AD-9E22-209F8E388FE2}.Debug|Any CPU.ActiveCfg = Debug|Any CPU
		{4BD9E680-009D-44AD-9E22-209F8E388FE2}.Debug|Any CPU.Build.0 = Debug|Any CPU
		{4BD9E680-009D-44AD-9E22-209F8E388FE2}.Release|Any CPU.ActiveCfg = Release|Any CPU
		{4BD9E680-009D-44AD-9E22-209F8E388FE2}.Release|Any CPU.Build.0 = Release|Any CPU
	EndGlobalSection
	GlobalSection(SolutionProperties) = preSolution
		HideSolutionNode = FALSE
	EndGlobalSection
	GlobalSection(ExtensibilityGlobals) = postSolution
		SolutionGuid = {E33B5F2D-3845-49C5-AFFD-0AD50F84A76F}
	EndGlobalSection
EndGlobal
