
Microsoft Visual Studio Solution File, Format Version 12.00
# Visual Studio Version 17
VisualStudioVersion = 17.14.36327.8
MinimumVisualStudioVersion = 10.0.40219.1
Project("{FAE04EC0-301F-11D3-BF4B-00C04F79EFBC}") = "GetJob.Data", "Getjob.Data\GetJob.Data.csproj", "{D86FF798-C0FF-4DD3-BF40-B6939A876860}"
EndProject
Project("{FAE04EC0-301F-11D3-BF4B-00C04F79EFBC}") = "GetJob.Entities", "GetJob.Entities\GetJob.Entities.csproj", "{6EB77EC7-121D-48F1-9827-4B7E11CD1992}"
EndProject
Project("{FAE04EC0-301F-11D3-BF4B-00C04F79EFBC}") = "GetJob.Services", "GetJob.Services\GetJob.Services.csproj", "{98D25006-3F08-40D3-8628-65969A61D49C}"
EndProject
Project("{FAE04EC0-301F-11D3-BF4B-00C04F79EFBC}") = "GetJob.ServiceContracts", "GetJob.ServiceContracts\GetJob.ServiceContracts.csproj", "{BDB3AC00-AADA-4069-A3F5-E3BF04D7E05B}"
EndProject
Project("{FAE04EC0-301F-11D3-BF4B-00C04F79EFBC}") = "GetJob", "GetJob\GetJob.csproj", "{4BD9E680-009D-44AD-9E22-209F8E388FE2}"
EndProject
Project("{FAE04EC0-301F-11D3-BF4B-00C04F79EFBC}") = "GetJob.AutoMapper", "GetJob.AutoMapper\GetJob.AutoMapper.csproj", "{F243CDCA-049C-4CE2-A186-EBA268694549}"
EndProject
Project("{FAE04EC0-301F-11D3-BF4B-00C04F79EFBC}") = "CareerLinker", "CareerLinker\CareerLinker\CareerLinker.csproj", "{9EBBC84D-9B72-453C-8665-CC71B50735E1}"
EndProject
Project("{FAE04EC0-301F-11D3-BF4B-00C04F79EFBC}") = "CareerLinker.Shared", "CareerLinker\CareerLinker.Shared\CareerLinker.Shared.csproj", "{6E7A16B3-E0A6-4D97-B53E-BFBF674D8F95}"
EndProject
Project("{FAE04EC0-301F-11D3-BF4B-00C04F79EFBC}") = "CareerLinker.Web", "CareerLinker\CareerLinker.Web\CareerLinker.Web.csproj", "{AD1E3BCE-45BE-4548-9752-D065C2EDF63A}"
EndProject
Project("{FAE04EC0-301F-11D3-BF4B-00C04F79EFBC}") = "CareerLinker.Web.Client", "CareerLinker\CareerLinker.Web.Client\CareerLinker.Web.Client.csproj", "{8AC0B9F8-A29F-471B-A4D7-99E1439B4A8F}"
EndProject
Global
	GlobalSection(SolutionConfigurationPlatforms) = preSolution
		Debug|Any CPU = Debug|Any CPU
		Release|Any CPU = Release|Any CPU
	EndGlobalSection
	GlobalSection(ProjectConfigurationPlatforms) = postSolution
		{D86FF798-C0FF-4DD3-BF40-B6939A876860}.Debug|Any CPU.ActiveCfg = Debug|Any CPU
		{D86FF798-C0FF-4DD3-BF40-B6939A876860}.Debug|Any CPU.Build.0 = Debug|Any CPU
		{D86FF798-C0FF-4DD3-BF40-B6939A876860}.Release|Any CPU.ActiveCfg = Release|Any CPU
		{D86FF798-C0FF-4DD3-BF40-B6939A876860}.Release|Any CPU.Build.0 = Release|Any CPU
		{6EB77EC7-121D-48F1-9827-4B7E11CD1992}.Debug|Any CPU.ActiveCfg = Debug|Any CPU
		{6EB77EC7-121D-48F1-9827-4B7E11CD1992}.Debug|Any CPU.Build.0 = Debug|Any CPU
		{6EB77EC7-121D-48F1-9827-4B7E11CD1992}.Release|Any CPU.ActiveCfg = Release|Any CPU
		{6EB77EC7-121D-48F1-9827-4B7E11CD1992}.Release|Any CPU.Build.0 = Release|Any CPU
		{98D25006-3F08-40D3-8628-65969A61D49C}.Debug|Any CPU.ActiveCfg = Debug|Any CPU
		{98D25006-3F08-40D3-8628-65969A61D49C}.Debug|Any CPU.Build.0 = Debug|Any CPU
		{98D25006-3F08-40D3-8628-65969A61D49C}.Release|Any CPU.ActiveCfg = Release|Any CPU
		{98D25006-3F08-40D3-8628-65969A61D49C}.Release|Any CPU.Build.0 = Release|Any CPU
		{BDB3AC00-AADA-4069-A3F5-E3BF04D7E05B}.Debug|Any CPU.ActiveCfg = Debug|Any CPU
		{BDB3AC00-AADA-4069-A3F5-E3BF04D7E05B}.Debug|Any CPU.Build.0 = Debug|Any CPU
		{BDB3AC00-AADA-4069-A3F5-E3BF04D7E05B}.Release|Any CPU.ActiveCfg = Release|Any CPU
		{BDB3AC00-AADA-4069-A3F5-E3BF04D7E05B}.Release|Any CPU.Build.0 = Release|Any CPU
		{4BD9E680-009D-44AD-9E22-209F8E388FE2}.Debug|Any CPU.ActiveCfg = Debug|Any CPU
		{4BD9E680-009D-44AD-9E22-209F8E388FE2}.Debug|Any CPU.Build.0 = Debug|Any CPU
		{4BD9E680-009D-44AD-9E22-209F8E388FE2}.Release|Any CPU.ActiveCfg = Release|Any CPU
		{4BD9E680-009D-44AD-9E22-209F8E388FE2}.Release|Any CPU.Build.0 = Release|Any CPU
		{F243CDCA-049C-4CE2-A186-EBA268694549}.Debug|Any CPU.ActiveCfg = Debug|Any CPU
		{F243CDCA-049C-4CE2-A186-EBA268694549}.Debug|Any CPU.Build.0 = Debug|Any CPU
		{F243CDCA-049C-4CE2-A186-EBA268694549}.Release|Any CPU.ActiveCfg = Release|Any CPU
		{F243CDCA-049C-4CE2-A186-EBA268694549}.Release|Any CPU.Build.0 = Release|Any CPU
		{9EBBC84D-9B72-453C-8665-CC71B50735E1}.Debug|Any CPU.ActiveCfg = Debug|Any CPU
		{9EBBC84D-9B72-453C-8665-CC71B50735E1}.Debug|Any CPU.Build.0 = Debug|Any CPU
		{9EBBC84D-9B72-453C-8665-CC71B50735E1}.Release|Any CPU.ActiveCfg = Release|Any CPU
		{9EBBC84D-9B72-453C-8665-CC71B50735E1}.Release|Any CPU.Build.0 = Release|Any CPU
		{6E7A16B3-E0A6-4D97-B53E-BFBF674D8F95}.Debug|Any CPU.ActiveCfg = Debug|Any CPU
		{6E7A16B3-E0A6-4D97-B53E-BFBF674D8F95}.Debug|Any CPU.Build.0 = Debug|Any CPU
		{6E7A16B3-E0A6-4D97-B53E-BFBF674D8F95}.Release|Any CPU.ActiveCfg = Release|Any CPU
		{6E7A16B3-E0A6-4D97-B53E-BFBF674D8F95}.Release|Any CPU.Build.0 = Release|Any CPU
		{AD1E3BCE-45BE-4548-9752-D065C2EDF63A}.Debug|Any CPU.ActiveCfg = Debug|Any CPU
		{AD1E3BCE-45BE-4548-9752-D065C2EDF63A}.Debug|Any CPU.Build.0 = Debug|Any CPU
		{AD1E3BCE-45BE-4548-9752-D065C2EDF63A}.Release|Any CPU.ActiveCfg = Release|Any CPU
		{AD1E3BCE-45BE-4548-9752-D065C2EDF63A}.Release|Any CPU.Build.0 = Release|Any CPU
		{8AC0B9F8-A29F-471B-A4D7-99E1439B4A8F}.Debug|Any CPU.ActiveCfg = Debug|Any CPU
		{8AC0B9F8-A29F-471B-A4D7-99E1439B4A8F}.Debug|Any CPU.Build.0 = Debug|Any CPU
		{8AC0B9F8-A29F-471B-A4D7-99E1439B4A8F}.Release|Any CPU.ActiveCfg = Release|Any CPU
		{8AC0B9F8-A29F-471B-A4D7-99E1439B4A8F}.Release|Any CPU.Build.0 = Release|Any CPU
	EndGlobalSection
	GlobalSection(SolutionProperties) = preSolution
		HideSolutionNode = FALSE
	EndGlobalSection
	GlobalSection(ExtensibilityGlobals) = postSolution
		SolutionGuid = {E33B5F2D-3845-49C5-AFFD-0AD50F84A76F}
	EndGlobalSection
EndGlobal
